
Microsoft Visual Studio Solution File, Format Version 12.00
# Visual Studio 2013
VisualStudioVersion = 12.0.21005.1
MinimumVisualStudioVersion = 10.0.40219.1
Project("{FAE04EC0-301F-11D3-BF4B-00C04F79EFBC}") = "POSEZ2U", "POSEZ2U\POSEZ2U.csproj", "{448E9EE7-F95D-4397-8ECF-D576DAB79191}"
EndProject
Project("{FAE04EC0-301F-11D3-BF4B-00C04F79EFBC}") = "SystemLog", "SystemLog\SystemLog.csproj", "{C3DEB7B0-9BE5-430E-B774-715F65E6A8FF}"
EndProject
Project("{FAE04EC0-301F-11D3-BF4B-00C04F79EFBC}") = "ModelPOS", "ModelPOS\ModelPOS.csproj", "{4065A0ED-288B-4694-81D5-C6F02421277C}"
EndProject
Project("{FAE04EC0-301F-11D3-BF4B-00C04F79EFBC}") = "Printer", "Printer\Printer.csproj", "{DC3F2115-2144-4A2D-BE1D-D0FDFA84F991}"
EndProject
Global
	GlobalSection(SolutionConfigurationPlatforms) = preSolution
		Debug|Any CPU = Debug|Any CPU
		Release|Any CPU = Release|Any CPU
	EndGlobalSection
	GlobalSection(ProjectConfigurationPlatforms) = postSolution
		{448E9EE7-F95D-4397-8ECF-D576DAB79191}.Debug|Any CPU.ActiveCfg = Debug|Any CPU
		{448E9EE7-F95D-4397-8ECF-D576DAB79191}.Debug|Any CPU.Build.0 = Debug|Any CPU
		{448E9EE7-F95D-4397-8ECF-D576DAB79191}.Release|Any CPU.ActiveCfg = Release|Any CPU
		{448E9EE7-F95D-4397-8ECF-D576DAB79191}.Release|Any CPU.Build.0 = Release|Any CPU
		{C3DEB7B0-9BE5-430E-B774-715F65E6A8FF}.Debug|Any CPU.ActiveCfg = Debug|Any CPU
		{C3DEB7B0-9BE5-430E-B774-715F65E6A8FF}.Debug|Any CPU.Build.0 = Debug|Any CPU
		{C3DEB7B0-9BE5-430E-B774-715F65E6A8FF}.Release|Any CPU.ActiveCfg = Release|Any CPU
		{C3DEB7B0-9BE5-430E-B774-715F65E6A8FF}.Release|Any CPU.Build.0 = Release|Any CPU
		{4065A0ED-288B-4694-81D5-C6F02421277C}.Debug|Any CPU.ActiveCfg = Debug|Any CPU
		{4065A0ED-288B-4694-81D5-C6F02421277C}.Debug|Any CPU.Build.0 = Debug|Any CPU
		{4065A0ED-288B-4694-81D5-C6F02421277C}.Release|Any CPU.ActiveCfg = Release|Any CPU
		{4065A0ED-288B-4694-81D5-C6F02421277C}.Release|Any CPU.Build.0 = Release|Any CPU
		{DC3F2115-2144-4A2D-BE1D-D0FDFA84F991}.Debug|Any CPU.ActiveCfg = Debug|Any CPU
		{DC3F2115-2144-4A2D-BE1D-D0FDFA84F991}.Debug|Any CPU.Build.0 = Debug|Any CPU
		{DC3F2115-2144-4A2D-BE1D-D0FDFA84F991}.Release|Any CPU.ActiveCfg = Release|Any CPU
		{DC3F2115-2144-4A2D-BE1D-D0FDFA84F991}.Release|Any CPU.Build.0 = Release|Any CPU
	EndGlobalSection
	GlobalSection(SolutionProperties) = preSolution
		HideSolutionNode = FALSE
	EndGlobalSection
EndGlobal
